
Microsoft Visual Studio Solution File, Format Version 12.00
# Visual Studio Version 17
VisualStudioVersion = 17.7.34031.279
MinimumVisualStudioVersion = 10.0.40219.1
Project("{FAE04EC0-301F-11D3-BF4B-00C04F79EFBC}") = "Ejercicio2", "Ejercicio2.csproj", "{8AD98433-D790-4CB3-BB0C-9711C2262F3A}"
EndProject
Global
	GlobalSection(SolutionConfigurationPlatforms) = preSolution
		Debug|Any CPU = Debug|Any CPU
		Release|Any CPU = Release|Any CPU
	EndGlobalSection
	GlobalSection(ProjectConfigurationPlatforms) = postSolution
		{8AD98433-D790-4CB3-BB0C-9711C2262F3A}.Debug|Any CPU.ActiveCfg = Debug|Any CPU
		{8AD98433-D790-4CB3-BB0C-9711C2262F3A}.Debug|Any CPU.Build.0 = Debug|Any CPU
		{8AD98433-D790-4CB3-BB0C-9711C2262F3A}.Release|Any CPU.ActiveCfg = Release|Any CPU
		{8AD98433-D790-4CB3-BB0C-9711C2262F3A}.Release|Any CPU.Build.0 = Release|Any CPU
	EndGlobalSection
	GlobalSection(SolutionProperties) = preSolution
		HideSolutionNode = FALSE
	EndGlobalSection
	GlobalSection(ExtensibilityGlobals) = postSolution
		SolutionGuid = {CD122623-EA12-4555-AAD2-5D1030F09EE4}
	EndGlobalSection
EndGlobal
