
Microsoft Visual Studio Solution File, Format Version 12.00
# Visual Studio Version 17
VisualStudioVersion = 17.7.34031.279
MinimumVisualStudioVersion = 10.0.40219.1
Project("{FAE04EC0-301F-11D3-BF4B-00C04F79EFBC}") = "Ejercicio4", "Ejercicio4.csproj", "{538BF19E-7698-48D2-A6C3-B08156885FAE}"
EndProject
Global
	GlobalSection(SolutionConfigurationPlatforms) = preSolution
		Debug|Any CPU = Debug|Any CPU
		Release|Any CPU = Release|Any CPU
	EndGlobalSection
	GlobalSection(ProjectConfigurationPlatforms) = postSolution
		{538BF19E-7698-48D2-A6C3-B08156885FAE}.Debug|Any CPU.ActiveCfg = Debug|Any CPU
		{538BF19E-7698-48D2-A6C3-B08156885FAE}.Debug|Any CPU.Build.0 = Debug|Any CPU
		{538BF19E-7698-48D2-A6C3-B08156885FAE}.Release|Any CPU.ActiveCfg = Release|Any CPU
		{538BF19E-7698-48D2-A6C3-B08156885FAE}.Release|Any CPU.Build.0 = Release|Any CPU
	EndGlobalSection
	GlobalSection(SolutionProperties) = preSolution
		HideSolutionNode = FALSE
	EndGlobalSection
	GlobalSection(ExtensibilityGlobals) = postSolution
		SolutionGuid = {C8AF86F5-5A65-4C5F-9F10-E2E03FCADFDC}
	EndGlobalSection
EndGlobal
