
Microsoft Visual Studio Solution File, Format Version 12.00
# Visual Studio Version 17
VisualStudioVersion = 17.7.34031.279
MinimumVisualStudioVersion = 10.0.40219.1
Project("{FAE04EC0-301F-11D3-BF4B-00C04F79EFBC}") = "Matemáticas para IA - Trigonometría", "Matemáticas para IA - Trigonometría.csproj", "{77641E8F-772E-429C-84F4-6D3FC330BE73}"
EndProject
Global
	GlobalSection(SolutionConfigurationPlatforms) = preSolution
		Debug|Any CPU = Debug|Any CPU
		Release|Any CPU = Release|Any CPU
	EndGlobalSection
	GlobalSection(ProjectConfigurationPlatforms) = postSolution
		{77641E8F-772E-429C-84F4-6D3FC330BE73}.Debug|Any CPU.ActiveCfg = Debug|Any CPU
		{77641E8F-772E-429C-84F4-6D3FC330BE73}.Debug|Any CPU.Build.0 = Debug|Any CPU
		{77641E8F-772E-429C-84F4-6D3FC330BE73}.Release|Any CPU.ActiveCfg = Release|Any CPU
		{77641E8F-772E-429C-84F4-6D3FC330BE73}.Release|Any CPU.Build.0 = Release|Any CPU
	EndGlobalSection
	GlobalSection(SolutionProperties) = preSolution
		HideSolutionNode = FALSE
	EndGlobalSection
	GlobalSection(ExtensibilityGlobals) = postSolution
		SolutionGuid = {0866AFD6-260D-496E-B123-3456AD97E2AC}
	EndGlobalSection
EndGlobal
